
Microsoft Visual Studio Solution File, Format Version 12.00
# Visual Studio Version 17
VisualStudioVersion = 17.0.31912.275
MinimumVisualStudioVersion = 10.0.40219.1
Project("{2150E333-8FDC-42A3-9474-1A3956D46DE8}") = "Sample", "Sample", "{4B9C7263-D88A-4240-A073-B18575DA1412}"
EndProject
Project("{9A19103F-16F7-4668-BE54-9A1E7A4F7556}") = "ZRQ.WPF.DataGridSample", "ZRQ.WPF.DataGridSample\ZRQ.WPF.DataGridSample.csproj", "{64F3FE6F-FBF3-404F-84B2-919D1893F315}"
EndProject
Project("{2150E333-8FDC-42A3-9474-1A3956D46DE8}") = "Test", "Test", "{80F30600-722D-4DCF-9DC3-78741790B954}"
EndProject
Project("{D954291E-2A0B-460D-934E-DC6B0785DB48}") = "ZRQ.UIShared", "ZRQ.UI.Shared\ZRQ.UIShared.shproj", "{F50C68C1-0F1C-4490-B022-2309F76951F9}"
EndProject
Project("{9A19103F-16F7-4668-BE54-9A1E7A4F7556}") = "ZRQ.UIShareadOne", "ZRQ.UIShareadOne\ZRQ.UIShareadOne.csproj", "{D746AF27-A196-4242-8C44-4B08DF295E68}"
EndProject
Project("{9A19103F-16F7-4668-BE54-9A1E7A4F7556}") = "ZRQ.UIShareadTwo", "ZRQ.UIShareadTwo\ZRQ.UIShareadTwo.csproj", "{12895656-021B-4779-A68B-25B843959708}"
EndProject
Project("{9A19103F-16F7-4668-BE54-9A1E7A4F7556}") = "ZRQ.UI.Test", "Test\ZRQ.UI.Test\ZRQ.UI.Test.csproj", "{A302E63F-87F3-4A52-A511-9530DEC039C0}"
EndProject
Project("{9A19103F-16F7-4668-BE54-9A1E7A4F7556}") = "ZRQ.UI.Build", "ZRQ.UI\ZRQ.UI.Build.csproj", "{38922FCD-4B54-46EF-9D9B-B517C8544D91}"
EndProject
Project("{FAE04EC0-301F-11D3-BF4B-00C04F79EFBC}") = "TreePage", "TreePage\TreePage.csproj", "{6AAF4684-15E3-431D-A08C-BD0FABF17C45}"
EndProject
Project("{FAE04EC0-301F-11D3-BF4B-00C04F79EFBC}") = "ZRQ.WPF.TreeViewSample", "ZRQ.WPF.TreeViewSample\ZRQ.WPF.TreeViewSample.csproj", "{48623401-6D48-4540-866D-412C725F20EB}"
EndProject
Global
	GlobalSection(SolutionConfigurationPlatforms) = preSolution
		Debug|Any CPU = Debug|Any CPU
		Release|Any CPU = Release|Any CPU
	EndGlobalSection
	GlobalSection(ProjectConfigurationPlatforms) = postSolution
		{64F3FE6F-FBF3-404F-84B2-919D1893F315}.Debug|Any CPU.ActiveCfg = Debug|Any CPU
		{64F3FE6F-FBF3-404F-84B2-919D1893F315}.Debug|Any CPU.Build.0 = Debug|Any CPU
		{64F3FE6F-FBF3-404F-84B2-919D1893F315}.Release|Any CPU.ActiveCfg = Release|Any CPU
		{64F3FE6F-FBF3-404F-84B2-919D1893F315}.Release|Any CPU.Build.0 = Release|Any CPU
		{D746AF27-A196-4242-8C44-4B08DF295E68}.Debug|Any CPU.ActiveCfg = Debug|Any CPU
		{D746AF27-A196-4242-8C44-4B08DF295E68}.Debug|Any CPU.Build.0 = Debug|Any CPU
		{D746AF27-A196-4242-8C44-4B08DF295E68}.Release|Any CPU.ActiveCfg = Release|Any CPU
		{D746AF27-A196-4242-8C44-4B08DF295E68}.Release|Any CPU.Build.0 = Release|Any CPU
		{12895656-021B-4779-A68B-25B843959708}.Debug|Any CPU.ActiveCfg = Debug|Any CPU
		{12895656-021B-4779-A68B-25B843959708}.Debug|Any CPU.Build.0 = Debug|Any CPU
		{12895656-021B-4779-A68B-25B843959708}.Release|Any CPU.ActiveCfg = Release|Any CPU
		{12895656-021B-4779-A68B-25B843959708}.Release|Any CPU.Build.0 = Release|Any CPU
		{A302E63F-87F3-4A52-A511-9530DEC039C0}.Debug|Any CPU.ActiveCfg = Debug|Any CPU
		{A302E63F-87F3-4A52-A511-9530DEC039C0}.Debug|Any CPU.Build.0 = Debug|Any CPU
		{A302E63F-87F3-4A52-A511-9530DEC039C0}.Release|Any CPU.ActiveCfg = Release|Any CPU
		{A302E63F-87F3-4A52-A511-9530DEC039C0}.Release|Any CPU.Build.0 = Release|Any CPU
		{38922FCD-4B54-46EF-9D9B-B517C8544D91}.Debug|Any CPU.ActiveCfg = Debug|Any CPU
		{38922FCD-4B54-46EF-9D9B-B517C8544D91}.Debug|Any CPU.Build.0 = Debug|Any CPU
		{38922FCD-4B54-46EF-9D9B-B517C8544D91}.Release|Any CPU.ActiveCfg = Release|Any CPU
		{38922FCD-4B54-46EF-9D9B-B517C8544D91}.Release|Any CPU.Build.0 = Release|Any CPU
		{6AAF4684-15E3-431D-A08C-BD0FABF17C45}.Debug|Any CPU.ActiveCfg = Debug|Any CPU
		{6AAF4684-15E3-431D-A08C-BD0FABF17C45}.Debug|Any CPU.Build.0 = Debug|Any CPU
		{6AAF4684-15E3-431D-A08C-BD0FABF17C45}.Release|Any CPU.ActiveCfg = Release|Any CPU
		{6AAF4684-15E3-431D-A08C-BD0FABF17C45}.Release|Any CPU.Build.0 = Release|Any CPU
		{48623401-6D48-4540-866D-412C725F20EB}.Debug|Any CPU.ActiveCfg = Debug|Any CPU
		{48623401-6D48-4540-866D-412C725F20EB}.Debug|Any CPU.Build.0 = Debug|Any CPU
		{48623401-6D48-4540-866D-412C725F20EB}.Release|Any CPU.ActiveCfg = Release|Any CPU
		{48623401-6D48-4540-866D-412C725F20EB}.Release|Any CPU.Build.0 = Release|Any CPU
	EndGlobalSection
	GlobalSection(SolutionProperties) = preSolution
		HideSolutionNode = FALSE
	EndGlobalSection
	GlobalSection(NestedProjects) = preSolution
		{64F3FE6F-FBF3-404F-84B2-919D1893F315} = {4B9C7263-D88A-4240-A073-B18575DA1412}
		{D746AF27-A196-4242-8C44-4B08DF295E68} = {80F30600-722D-4DCF-9DC3-78741790B954}
		{12895656-021B-4779-A68B-25B843959708} = {80F30600-722D-4DCF-9DC3-78741790B954}
		{A302E63F-87F3-4A52-A511-9530DEC039C0} = {80F30600-722D-4DCF-9DC3-78741790B954}
		{6AAF4684-15E3-431D-A08C-BD0FABF17C45} = {4B9C7263-D88A-4240-A073-B18575DA1412}
		{48623401-6D48-4540-866D-412C725F20EB} = {4B9C7263-D88A-4240-A073-B18575DA1412}
	EndGlobalSection
	GlobalSection(ExtensibilityGlobals) = postSolution
		SolutionGuid = {CE0989A1-3B0F-4575-AC91-F95915006434}
	EndGlobalSection
	GlobalSection(SharedMSBuildProjectFiles) = preSolution
		ZRQ.UI.Shared\ZRQ.UI.Shared.projitems*{38922fcd-4b54-46ef-9d9b-b517c8544d91}*SharedItemsImports = 5
		ZRQ.UI.Shared\ZRQ.UI.Shared.projitems*{a302e63f-87f3-4a52-a511-9530dec039c0}*SharedItemsImports = 5
		ZRQ.UI.Shared\ZRQ.UI.Shared.projitems*{f50c68c1-0f1c-4490-b022-2309f76951f9}*SharedItemsImports = 13
	EndGlobalSection
EndGlobal
