
Microsoft Visual Studio Solution File, Format Version 12.00
# Visual Studio Version 17
VisualStudioVersion = 17.0.31912.275
MinimumVisualStudioVersion = 10.0.40219.1
Project("{2150E333-8FDC-42A3-9474-1A3956D46DE8}") = "Sample", "Sample", "{4B9C7263-D88A-4240-A073-B18575DA1412}"
EndProject
Project("{2150E333-8FDC-42A3-9474-1A3956D46DE8}") = "Test", "Test", "{80F30600-722D-4DCF-9DC3-78741790B954}"
EndProject
Project("{9A19103F-16F7-4668-BE54-9A1E7A4F7556}") = "ZRQ.UIShareadOne", "ZRQ.UIShareadOne\ZRQ.UIShareadOne.csproj", "{D746AF27-A196-4242-8C44-4B08DF295E68}"
EndProject
Project("{9A19103F-16F7-4668-BE54-9A1E7A4F7556}") = "ZRQ.UIShareadTwo", "ZRQ.UIShareadTwo\ZRQ.UIShareadTwo.csproj", "{12895656-021B-4779-A68B-25B843959708}"
EndProject
Project("{9A19103F-16F7-4668-BE54-9A1E7A4F7556}") = "ZRQ.UI.Test", "Test\ZRQ.UI.Test\ZRQ.UI.Test.csproj", "{A302E63F-87F3-4A52-A511-9530DEC039C0}"
EndProject
Project("{9A19103F-16F7-4668-BE54-9A1E7A4F7556}") = "ZRQ.WPF.DataGridSample", "Sample\ZRQ.WPF.DataGridSample\ZRQ.WPF.DataGridSample.csproj", "{7736BDB8-9259-453B-A756-886DE7025ABB}"
EndProject
Project("{9A19103F-16F7-4668-BE54-9A1E7A4F7556}") = "ZRQ.WPF.TreeViewSample", "Sample\ZRQ.WPF.TreeViewSample\ZRQ.WPF.TreeViewSample.csproj", "{7E15DE33-81EF-40D0-BA20-A8AED6EF0948}"
EndProject
Project("{9A19103F-16F7-4668-BE54-9A1E7A4F7556}") = "DemoData", "Sample\DemoData\DemoData.csproj", "{8993E126-BA5D-400A-9DD0-0BFA842AD951}"
EndProject
Project("{9A19103F-16F7-4668-BE54-9A1E7A4F7556}") = "DGGroupSortFilterExample", "Test\DGGroupSortFilterExample\DGGroupSortFilterExample.csproj", "{DA096F4B-FCB2-4D35-9ED4-64C04B9B27F9}"
EndProject
Project("{D954291E-2A0B-460D-934E-DC6B0785DB48}") = "ZRQ.UI.Share", "ZRQ.UI.Share\ZRQ.UI.Share.shproj", "{DBAC908E-1781-40FE-B7E5-2A869E4C322C}"
EndProject
Project("{9A19103F-16F7-4668-BE54-9A1E7A4F7556}") = "ZRQ.UI", "ZRQ.UI\ZRQ.UI.csproj", "{EDDA7264-9713-4547-A9EF-27F05E30D02B}"
EndProject
Project("{9A19103F-16F7-4668-BE54-9A1E7A4F7556}") = "ZRQ.WPF.HighLightSample", "Sample\ZRQ.WPF.HighLightSample\ZRQ.WPF.HighLightSample.csproj", "{290E7711-28CA-4A5A-94BF-95F520BCC67B}"
EndProject
Project("{FAE04EC0-301F-11D3-BF4B-00C04F79EFBC}") = "ZRQ.UIBehaviors", "Test\ZRQ.UIBehaviors\ZRQ.UIBehaviors.csproj", "{901384C2-1CAD-4AD6-83BA-D26F4C087559}"
EndProject
Global
	GlobalSection(SolutionConfigurationPlatforms) = preSolution
		Debug|Any CPU = Debug|Any CPU
		Release|Any CPU = Release|Any CPU
	EndGlobalSection
	GlobalSection(ProjectConfigurationPlatforms) = postSolution
		{D746AF27-A196-4242-8C44-4B08DF295E68}.Debug|Any CPU.ActiveCfg = Debug|Any CPU
		{D746AF27-A196-4242-8C44-4B08DF295E68}.Debug|Any CPU.Build.0 = Debug|Any CPU
		{D746AF27-A196-4242-8C44-4B08DF295E68}.Release|Any CPU.ActiveCfg = Release|Any CPU
		{D746AF27-A196-4242-8C44-4B08DF295E68}.Release|Any CPU.Build.0 = Release|Any CPU
		{12895656-021B-4779-A68B-25B843959708}.Debug|Any CPU.ActiveCfg = Debug|Any CPU
		{12895656-021B-4779-A68B-25B843959708}.Debug|Any CPU.Build.0 = Debug|Any CPU
		{12895656-021B-4779-A68B-25B843959708}.Release|Any CPU.ActiveCfg = Release|Any CPU
		{12895656-021B-4779-A68B-25B843959708}.Release|Any CPU.Build.0 = Release|Any CPU
		{A302E63F-87F3-4A52-A511-9530DEC039C0}.Debug|Any CPU.ActiveCfg = Debug|Any CPU
		{A302E63F-87F3-4A52-A511-9530DEC039C0}.Debug|Any CPU.Build.0 = Debug|Any CPU
		{A302E63F-87F3-4A52-A511-9530DEC039C0}.Release|Any CPU.ActiveCfg = Release|Any CPU
		{A302E63F-87F3-4A52-A511-9530DEC039C0}.Release|Any CPU.Build.0 = Release|Any CPU
		{7736BDB8-9259-453B-A756-886DE7025ABB}.Debug|Any CPU.ActiveCfg = Debug|Any CPU
		{7736BDB8-9259-453B-A756-886DE7025ABB}.Debug|Any CPU.Build.0 = Debug|Any CPU
		{7736BDB8-9259-453B-A756-886DE7025ABB}.Release|Any CPU.ActiveCfg = Release|Any CPU
		{7736BDB8-9259-453B-A756-886DE7025ABB}.Release|Any CPU.Build.0 = Release|Any CPU
		{7E15DE33-81EF-40D0-BA20-A8AED6EF0948}.Debug|Any CPU.ActiveCfg = Debug|Any CPU
		{7E15DE33-81EF-40D0-BA20-A8AED6EF0948}.Debug|Any CPU.Build.0 = Debug|Any CPU
		{7E15DE33-81EF-40D0-BA20-A8AED6EF0948}.Release|Any CPU.ActiveCfg = Release|Any CPU
		{7E15DE33-81EF-40D0-BA20-A8AED6EF0948}.Release|Any CPU.Build.0 = Release|Any CPU
		{8993E126-BA5D-400A-9DD0-0BFA842AD951}.Debug|Any CPU.ActiveCfg = Debug|Any CPU
		{8993E126-BA5D-400A-9DD0-0BFA842AD951}.Debug|Any CPU.Build.0 = Debug|Any CPU
		{8993E126-BA5D-400A-9DD0-0BFA842AD951}.Release|Any CPU.ActiveCfg = Release|Any CPU
		{8993E126-BA5D-400A-9DD0-0BFA842AD951}.Release|Any CPU.Build.0 = Release|Any CPU
		{DA096F4B-FCB2-4D35-9ED4-64C04B9B27F9}.Debug|Any CPU.ActiveCfg = Debug|Any CPU
		{DA096F4B-FCB2-4D35-9ED4-64C04B9B27F9}.Debug|Any CPU.Build.0 = Debug|Any CPU
		{DA096F4B-FCB2-4D35-9ED4-64C04B9B27F9}.Release|Any CPU.ActiveCfg = Release|Any CPU
		{DA096F4B-FCB2-4D35-9ED4-64C04B9B27F9}.Release|Any CPU.Build.0 = Release|Any CPU
		{EDDA7264-9713-4547-A9EF-27F05E30D02B}.Debug|Any CPU.ActiveCfg = Debug|Any CPU
		{EDDA7264-9713-4547-A9EF-27F05E30D02B}.Debug|Any CPU.Build.0 = Debug|Any CPU
		{EDDA7264-9713-4547-A9EF-27F05E30D02B}.Release|Any CPU.ActiveCfg = Release|Any CPU
		{EDDA7264-9713-4547-A9EF-27F05E30D02B}.Release|Any CPU.Build.0 = Release|Any CPU
		{290E7711-28CA-4A5A-94BF-95F520BCC67B}.Debug|Any CPU.ActiveCfg = Debug|Any CPU
		{290E7711-28CA-4A5A-94BF-95F520BCC67B}.Debug|Any CPU.Build.0 = Debug|Any CPU
		{290E7711-28CA-4A5A-94BF-95F520BCC67B}.Release|Any CPU.ActiveCfg = Release|Any CPU
		{290E7711-28CA-4A5A-94BF-95F520BCC67B}.Release|Any CPU.Build.0 = Release|Any CPU
		{901384C2-1CAD-4AD6-83BA-D26F4C087559}.Debug|Any CPU.ActiveCfg = Debug|Any CPU
		{901384C2-1CAD-4AD6-83BA-D26F4C087559}.Debug|Any CPU.Build.0 = Debug|Any CPU
		{901384C2-1CAD-4AD6-83BA-D26F4C087559}.Release|Any CPU.ActiveCfg = Release|Any CPU
		{901384C2-1CAD-4AD6-83BA-D26F4C087559}.Release|Any CPU.Build.0 = Release|Any CPU
	EndGlobalSection
	GlobalSection(SolutionProperties) = preSolution
		HideSolutionNode = FALSE
	EndGlobalSection
	GlobalSection(NestedProjects) = preSolution
		{D746AF27-A196-4242-8C44-4B08DF295E68} = {80F30600-722D-4DCF-9DC3-78741790B954}
		{12895656-021B-4779-A68B-25B843959708} = {80F30600-722D-4DCF-9DC3-78741790B954}
		{A302E63F-87F3-4A52-A511-9530DEC039C0} = {80F30600-722D-4DCF-9DC3-78741790B954}
		{7736BDB8-9259-453B-A756-886DE7025ABB} = {4B9C7263-D88A-4240-A073-B18575DA1412}
		{7E15DE33-81EF-40D0-BA20-A8AED6EF0948} = {4B9C7263-D88A-4240-A073-B18575DA1412}
		{8993E126-BA5D-400A-9DD0-0BFA842AD951} = {4B9C7263-D88A-4240-A073-B18575DA1412}
		{DA096F4B-FCB2-4D35-9ED4-64C04B9B27F9} = {80F30600-722D-4DCF-9DC3-78741790B954}
		{290E7711-28CA-4A5A-94BF-95F520BCC67B} = {4B9C7263-D88A-4240-A073-B18575DA1412}
		{901384C2-1CAD-4AD6-83BA-D26F4C087559} = {80F30600-722D-4DCF-9DC3-78741790B954}
	EndGlobalSection
	GlobalSection(ExtensibilityGlobals) = postSolution
		SolutionGuid = {CE0989A1-3B0F-4575-AC91-F95915006434}
	EndGlobalSection
	GlobalSection(SharedMSBuildProjectFiles) = preSolution
		ZRQ.UI.Share\ZRQ.UI.Share.projitems*{dbac908e-1781-40fe-b7e5-2a869e4c322c}*SharedItemsImports = 13
		ZRQ.UI.Share\ZRQ.UI.Share.projitems*{edda7264-9713-4547-a9ef-27f05e30d02b}*SharedItemsImports = 5
	EndGlobalSection
EndGlobal
