
Microsoft Visual Studio Solution File, Format Version 12.00
# Visual Studio Version 17
VisualStudioVersion = 17.0.31912.275
MinimumVisualStudioVersion = 10.0.40219.1
Project("{9A19103F-16F7-4668-BE54-9A1E7A4F7556}") = "ZRQ.UI", "ZRQ.UI\ZRQ.UI.csproj", "{3E9EB65F-0DF5-4B5E-A770-8320C4F55E7D}"
EndProject
Project("{FAE04EC0-301F-11D3-BF4B-00C04F79EFBC}") = "ZRQ.WPF.Sample_ValidationRule", "ZRQ.WPF.Sample_ValidationRule\ZRQ.WPF.Sample_ValidationRule.csproj", "{718F31CC-25DA-4BD7-93D9-0739F28BF0F7}"
EndProject
Global
	GlobalSection(SolutionConfigurationPlatforms) = preSolution
		Debug|Any CPU = Debug|Any CPU
		Release|Any CPU = Release|Any CPU
	EndGlobalSection
	GlobalSection(ProjectConfigurationPlatforms) = postSolution
		{3E9EB65F-0DF5-4B5E-A770-8320C4F55E7D}.Debug|Any CPU.ActiveCfg = Debug|Any CPU
		{3E9EB65F-0DF5-4B5E-A770-8320C4F55E7D}.Debug|Any CPU.Build.0 = Debug|Any CPU
		{3E9EB65F-0DF5-4B5E-A770-8320C4F55E7D}.Release|Any CPU.ActiveCfg = Release|Any CPU
		{3E9EB65F-0DF5-4B5E-A770-8320C4F55E7D}.Release|Any CPU.Build.0 = Release|Any CPU
		{718F31CC-25DA-4BD7-93D9-0739F28BF0F7}.Debug|Any CPU.ActiveCfg = Debug|Any CPU
		{718F31CC-25DA-4BD7-93D9-0739F28BF0F7}.Debug|Any CPU.Build.0 = Debug|Any CPU
		{718F31CC-25DA-4BD7-93D9-0739F28BF0F7}.Release|Any CPU.ActiveCfg = Release|Any CPU
		{718F31CC-25DA-4BD7-93D9-0739F28BF0F7}.Release|Any CPU.Build.0 = Release|Any CPU
	EndGlobalSection
	GlobalSection(SolutionProperties) = preSolution
		HideSolutionNode = FALSE
	EndGlobalSection
	GlobalSection(ExtensibilityGlobals) = postSolution
		SolutionGuid = {CE0989A1-3B0F-4575-AC91-F95915006434}
	EndGlobalSection
EndGlobal
