
Microsoft Visual Studio Solution File, Format Version 12.00
# Visual Studio Version 17
VisualStudioVersion = 17.4.33205.214
MinimumVisualStudioVersion = 10.0.40219.1
Project("{9A19103F-16F7-4668-BE54-9A1E7A4F7556}") = "ZRQ.UI", "ZRQ.UI\ZRQ.UI.csproj", "{E91186F1-C06B-44EF-A0E6-B8E1C1384F2B}"
EndProject
Project("{2150E333-8FDC-42A3-9474-1A3956D46DE8}") = "Sample", "Sample", "{B87B610A-4942-436D-95C7-A3DCD046DB01}"
EndProject
Project("{9A19103F-16F7-4668-BE54-9A1E7A4F7556}") = "ZRQ.WPF.DataGridSample", "Sample\ZRQ.WPF.DataGridSample\ZRQ.WPF.DataGridSample.csproj", "{D703391F-A2C3-4353-A132-D5082775DAB4}"
EndProject
Project("{D954291E-2A0B-460D-934E-DC6B0785DB48}") = "ZRQ.UI.Share", "ZRQ.UI.Share\ZRQ.UI.Share.shproj", "{DBAC908E-1781-40FE-B7E5-2A869E4C322C}"
EndProject
Global
	GlobalSection(SolutionConfigurationPlatforms) = preSolution
		Debug|Any CPU = Debug|Any CPU
		Release|Any CPU = Release|Any CPU
	EndGlobalSection
	GlobalSection(ProjectConfigurationPlatforms) = postSolution
		{E91186F1-C06B-44EF-A0E6-B8E1C1384F2B}.Debug|Any CPU.ActiveCfg = Debug|Any CPU
		{E91186F1-C06B-44EF-A0E6-B8E1C1384F2B}.Debug|Any CPU.Build.0 = Debug|Any CPU
		{E91186F1-C06B-44EF-A0E6-B8E1C1384F2B}.Release|Any CPU.ActiveCfg = Release|Any CPU
		{E91186F1-C06B-44EF-A0E6-B8E1C1384F2B}.Release|Any CPU.Build.0 = Release|Any CPU
		{D703391F-A2C3-4353-A132-D5082775DAB4}.Debug|Any CPU.ActiveCfg = Debug|Any CPU
		{D703391F-A2C3-4353-A132-D5082775DAB4}.Debug|Any CPU.Build.0 = Debug|Any CPU
		{D703391F-A2C3-4353-A132-D5082775DAB4}.Release|Any CPU.ActiveCfg = Release|Any CPU
		{D703391F-A2C3-4353-A132-D5082775DAB4}.Release|Any CPU.Build.0 = Release|Any CPU
	EndGlobalSection
	GlobalSection(SolutionProperties) = preSolution
		HideSolutionNode = FALSE
	EndGlobalSection
	GlobalSection(NestedProjects) = preSolution
		{D703391F-A2C3-4353-A132-D5082775DAB4} = {B87B610A-4942-436D-95C7-A3DCD046DB01}
	EndGlobalSection
	GlobalSection(ExtensibilityGlobals) = postSolution
		SolutionGuid = {58F17FA5-AA99-48E0-A8FF-842C889B3BA6}
	EndGlobalSection
	GlobalSection(SharedMSBuildProjectFiles) = preSolution
		ZRQ.UI.Share\ZRQ.UI.Share.projitems*{dbac908e-1781-40fe-b7e5-2a869e4c322c}*SharedItemsImports = 13
		ZRQ.UI.Share\ZRQ.UI.Share.projitems*{e91186f1-c06b-44ef-a0e6-b8e1c1384f2b}*SharedItemsImports = 5
	EndGlobalSection
EndGlobal
