
Microsoft Visual Studio Solution File, Format Version 12.00
# Visual Studio Version 17
VisualStudioVersion = 17.4.33205.214
MinimumVisualStudioVersion = 10.0.40219.1
Project("{9A19103F-16F7-4668-BE54-9A1E7A4F7556}") = "ZRQ.UI", "ZRQ.UI\ZRQ.UI.csproj", "{E91186F1-C06B-44EF-A0E6-B8E1C1384F2B}"
EndProject
Project("{2150E333-8FDC-42A3-9474-1A3956D46DE8}") = "Sample", "Sample", "{B87B610A-4942-436D-95C7-A3DCD046DB01}"
EndProject
Project("{9A19103F-16F7-4668-BE54-9A1E7A4F7556}") = "ZRQ.WPF.DataGridSample", "Sample\ZRQ.WPF.DataGridSample\ZRQ.WPF.DataGridSample.csproj", "{D703391F-A2C3-4353-A132-D5082775DAB4}"
EndProject
Project("{D954291E-2A0B-460D-934E-DC6B0785DB48}") = "ZRQ.UI.Share", "ZRQ.UI.Share\ZRQ.UI.Share.shproj", "{DBAC908E-1781-40FE-B7E5-2A869E4C322C}"
EndProject
Project("{2150E333-8FDC-42A3-9474-1A3956D46DE8}") = "Test", "Test", "{07D02473-6074-46E6-8AF8-8E0D451E0D05}"
EndProject
Project("{9A19103F-16F7-4668-BE54-9A1E7A4F7556}") = "ZRQ.UI.Test", "Test\ZRQ.UI.Test\ZRQ.UI.Test.csproj", "{FE0CCA6F-3F12-47A8-953C-E8082A4FC26B}"
EndProject
Project("{9A19103F-16F7-4668-BE54-9A1E7A4F7556}") = "ZRQ.UIBehaviors", "Test\ZRQ.UIBehaviors\ZRQ.UIBehaviors.csproj", "{3B351E69-7914-4402-B58C-D0128496EB88}"
EndProject
Project("{9A19103F-16F7-4668-BE54-9A1E7A4F7556}") = "ZRQ.UISearchTextBox", "Test\ZRQ.UISearchTextBox\ZRQ.UISearchTextBox.csproj", "{5490205D-2758-4703-81E5-56B1E604E661}"
EndProject
Project("{9A19103F-16F7-4668-BE54-9A1E7A4F7556}") = "ZRQ.WPF.DataGridSort", "Test\ZRQ.WPF.DataGridSort\ZRQ.WPF.DataGridSort.csproj", "{84708D6D-28A2-4603-8A04-B4A1F3D2F8DF}"
EndProject
Project("{9A19103F-16F7-4668-BE54-9A1E7A4F7556}") = "ZRQ.WPF.TestHook", "Test\ZRQ.WPF.TestHook\ZRQ.WPF.TestHook.csproj", "{C56C787C-BAD9-4291-A484-2F37C835A510}"
EndProject
Project("{9A19103F-16F7-4668-BE54-9A1E7A4F7556}") = "ZRQ.WPF.TreeViewSort", "Test\ZRQ.WPF.TreeViewSort\ZRQ.WPF.TreeViewSort.csproj", "{04B9B2FB-44F0-4653-B1E5-0114E34CB702}"
EndProject
Project("{9A19103F-16F7-4668-BE54-9A1E7A4F7556}") = "ZRQ.TestCombobox", "Test\ZRQ.TestCombox\ZRQ.TestCombobox.csproj", "{E037F151-3CD7-43D6-8EDE-079A47517780}"
EndProject
Project("{9A19103F-16F7-4668-BE54-9A1E7A4F7556}") = "ZRQ.WPF.HighLightSample", "Sample\ZRQ.WPF.HighLightSample\ZRQ.WPF.HighLightSample.csproj", "{661E8397-8F8E-4074-A4FB-D8DEA7685806}"
EndProject
Project("{9A19103F-16F7-4668-BE54-9A1E7A4F7556}") = "ZRQ.UI.SampleData", "Sample\ZRQ.UI.SampleData\ZRQ.UI.SampleData.csproj", "{61DFAB25-965B-44CC-8D2D-E8B95294AC9E}"
EndProject
Project("{FAE04EC0-301F-11D3-BF4B-00C04F79EFBC}") = "WpfApp1", "WpfApp1\WpfApp1.csproj", "{91A4DFE7-EF87-4AA5-853A-F103C976ECFA}"
EndProject
Global
	GlobalSection(SolutionConfigurationPlatforms) = preSolution
		Debug|Any CPU = Debug|Any CPU
		Release|Any CPU = Release|Any CPU
	EndGlobalSection
	GlobalSection(ProjectConfigurationPlatforms) = postSolution
		{E91186F1-C06B-44EF-A0E6-B8E1C1384F2B}.Debug|Any CPU.ActiveCfg = Debug|Any CPU
		{E91186F1-C06B-44EF-A0E6-B8E1C1384F2B}.Debug|Any CPU.Build.0 = Debug|Any CPU
		{E91186F1-C06B-44EF-A0E6-B8E1C1384F2B}.Release|Any CPU.ActiveCfg = Release|Any CPU
		{E91186F1-C06B-44EF-A0E6-B8E1C1384F2B}.Release|Any CPU.Build.0 = Release|Any CPU
		{D703391F-A2C3-4353-A132-D5082775DAB4}.Debug|Any CPU.ActiveCfg = Debug|Any CPU
		{D703391F-A2C3-4353-A132-D5082775DAB4}.Debug|Any CPU.Build.0 = Debug|Any CPU
		{D703391F-A2C3-4353-A132-D5082775DAB4}.Release|Any CPU.ActiveCfg = Release|Any CPU
		{D703391F-A2C3-4353-A132-D5082775DAB4}.Release|Any CPU.Build.0 = Release|Any CPU
		{FE0CCA6F-3F12-47A8-953C-E8082A4FC26B}.Debug|Any CPU.ActiveCfg = Debug|Any CPU
		{FE0CCA6F-3F12-47A8-953C-E8082A4FC26B}.Debug|Any CPU.Build.0 = Debug|Any CPU
		{FE0CCA6F-3F12-47A8-953C-E8082A4FC26B}.Release|Any CPU.ActiveCfg = Release|Any CPU
		{FE0CCA6F-3F12-47A8-953C-E8082A4FC26B}.Release|Any CPU.Build.0 = Release|Any CPU
		{3B351E69-7914-4402-B58C-D0128496EB88}.Debug|Any CPU.ActiveCfg = Debug|Any CPU
		{3B351E69-7914-4402-B58C-D0128496EB88}.Debug|Any CPU.Build.0 = Debug|Any CPU
		{3B351E69-7914-4402-B58C-D0128496EB88}.Release|Any CPU.ActiveCfg = Release|Any CPU
		{3B351E69-7914-4402-B58C-D0128496EB88}.Release|Any CPU.Build.0 = Release|Any CPU
		{5490205D-2758-4703-81E5-56B1E604E661}.Debug|Any CPU.ActiveCfg = Debug|Any CPU
		{5490205D-2758-4703-81E5-56B1E604E661}.Debug|Any CPU.Build.0 = Debug|Any CPU
		{5490205D-2758-4703-81E5-56B1E604E661}.Release|Any CPU.ActiveCfg = Release|Any CPU
		{5490205D-2758-4703-81E5-56B1E604E661}.Release|Any CPU.Build.0 = Release|Any CPU
		{84708D6D-28A2-4603-8A04-B4A1F3D2F8DF}.Debug|Any CPU.ActiveCfg = Debug|Any CPU
		{84708D6D-28A2-4603-8A04-B4A1F3D2F8DF}.Debug|Any CPU.Build.0 = Debug|Any CPU
		{84708D6D-28A2-4603-8A04-B4A1F3D2F8DF}.Release|Any CPU.ActiveCfg = Release|Any CPU
		{84708D6D-28A2-4603-8A04-B4A1F3D2F8DF}.Release|Any CPU.Build.0 = Release|Any CPU
		{C56C787C-BAD9-4291-A484-2F37C835A510}.Debug|Any CPU.ActiveCfg = Debug|Any CPU
		{C56C787C-BAD9-4291-A484-2F37C835A510}.Debug|Any CPU.Build.0 = Debug|Any CPU
		{C56C787C-BAD9-4291-A484-2F37C835A510}.Release|Any CPU.ActiveCfg = Release|Any CPU
		{C56C787C-BAD9-4291-A484-2F37C835A510}.Release|Any CPU.Build.0 = Release|Any CPU
		{04B9B2FB-44F0-4653-B1E5-0114E34CB702}.Debug|Any CPU.ActiveCfg = Debug|Any CPU
		{04B9B2FB-44F0-4653-B1E5-0114E34CB702}.Debug|Any CPU.Build.0 = Debug|Any CPU
		{04B9B2FB-44F0-4653-B1E5-0114E34CB702}.Release|Any CPU.ActiveCfg = Release|Any CPU
		{04B9B2FB-44F0-4653-B1E5-0114E34CB702}.Release|Any CPU.Build.0 = Release|Any CPU
		{E037F151-3CD7-43D6-8EDE-079A47517780}.Debug|Any CPU.ActiveCfg = Debug|Any CPU
		{E037F151-3CD7-43D6-8EDE-079A47517780}.Debug|Any CPU.Build.0 = Debug|Any CPU
		{E037F151-3CD7-43D6-8EDE-079A47517780}.Release|Any CPU.ActiveCfg = Release|Any CPU
		{E037F151-3CD7-43D6-8EDE-079A47517780}.Release|Any CPU.Build.0 = Release|Any CPU
		{661E8397-8F8E-4074-A4FB-D8DEA7685806}.Debug|Any CPU.ActiveCfg = Debug|Any CPU
		{661E8397-8F8E-4074-A4FB-D8DEA7685806}.Debug|Any CPU.Build.0 = Debug|Any CPU
		{661E8397-8F8E-4074-A4FB-D8DEA7685806}.Release|Any CPU.ActiveCfg = Release|Any CPU
		{661E8397-8F8E-4074-A4FB-D8DEA7685806}.Release|Any CPU.Build.0 = Release|Any CPU
		{61DFAB25-965B-44CC-8D2D-E8B95294AC9E}.Debug|Any CPU.ActiveCfg = Debug|Any CPU
		{61DFAB25-965B-44CC-8D2D-E8B95294AC9E}.Debug|Any CPU.Build.0 = Debug|Any CPU
		{61DFAB25-965B-44CC-8D2D-E8B95294AC9E}.Release|Any CPU.ActiveCfg = Release|Any CPU
		{61DFAB25-965B-44CC-8D2D-E8B95294AC9E}.Release|Any CPU.Build.0 = Release|Any CPU
		{91A4DFE7-EF87-4AA5-853A-F103C976ECFA}.Debug|Any CPU.ActiveCfg = Debug|Any CPU
		{91A4DFE7-EF87-4AA5-853A-F103C976ECFA}.Debug|Any CPU.Build.0 = Debug|Any CPU
		{91A4DFE7-EF87-4AA5-853A-F103C976ECFA}.Release|Any CPU.ActiveCfg = Release|Any CPU
		{91A4DFE7-EF87-4AA5-853A-F103C976ECFA}.Release|Any CPU.Build.0 = Release|Any CPU
	EndGlobalSection
	GlobalSection(SolutionProperties) = preSolution
		HideSolutionNode = FALSE
	EndGlobalSection
	GlobalSection(NestedProjects) = preSolution
		{D703391F-A2C3-4353-A132-D5082775DAB4} = {B87B610A-4942-436D-95C7-A3DCD046DB01}
		{FE0CCA6F-3F12-47A8-953C-E8082A4FC26B} = {07D02473-6074-46E6-8AF8-8E0D451E0D05}
		{3B351E69-7914-4402-B58C-D0128496EB88} = {07D02473-6074-46E6-8AF8-8E0D451E0D05}
		{5490205D-2758-4703-81E5-56B1E604E661} = {07D02473-6074-46E6-8AF8-8E0D451E0D05}
		{84708D6D-28A2-4603-8A04-B4A1F3D2F8DF} = {07D02473-6074-46E6-8AF8-8E0D451E0D05}
		{C56C787C-BAD9-4291-A484-2F37C835A510} = {07D02473-6074-46E6-8AF8-8E0D451E0D05}
		{04B9B2FB-44F0-4653-B1E5-0114E34CB702} = {07D02473-6074-46E6-8AF8-8E0D451E0D05}
		{E037F151-3CD7-43D6-8EDE-079A47517780} = {07D02473-6074-46E6-8AF8-8E0D451E0D05}
		{661E8397-8F8E-4074-A4FB-D8DEA7685806} = {B87B610A-4942-436D-95C7-A3DCD046DB01}
		{61DFAB25-965B-44CC-8D2D-E8B95294AC9E} = {B87B610A-4942-436D-95C7-A3DCD046DB01}
	EndGlobalSection
	GlobalSection(ExtensibilityGlobals) = postSolution
		SolutionGuid = {58F17FA5-AA99-48E0-A8FF-842C889B3BA6}
	EndGlobalSection
	GlobalSection(SharedMSBuildProjectFiles) = preSolution
		ZRQ.UI.Share\ZRQ.UI.Share.projitems*{dbac908e-1781-40fe-b7e5-2a869e4c322c}*SharedItemsImports = 13
		ZRQ.UI.Share\ZRQ.UI.Share.projitems*{e91186f1-c06b-44ef-a0e6-b8e1c1384f2b}*SharedItemsImports = 5
	EndGlobalSection
EndGlobal
