
Microsoft Visual Studio Solution File, Format Version 12.00
# Visual Studio Version 17
VisualStudioVersion = 17.0.31912.275
MinimumVisualStudioVersion = 10.0.40219.1
Project("{2150E333-8FDC-42A3-9474-1A3956D46DE8}") = "Sample", "Sample", "{4B9C7263-D88A-4240-A073-B18575DA1412}"
EndProject
Project("{2150E333-8FDC-42A3-9474-1A3956D46DE8}") = "Test", "Test", "{80F30600-722D-4DCF-9DC3-78741790B954}"
EndProject
Project("{9A19103F-16F7-4668-BE54-9A1E7A4F7556}") = "ZRQ.UI.Test", "Test\ZRQ.UI.Test\ZRQ.UI.Test.csproj", "{A302E63F-87F3-4A52-A511-9530DEC039C0}"
EndProject
Project("{9A19103F-16F7-4668-BE54-9A1E7A4F7556}") = "ZRQ.WPF.DataGridSample", "Sample\ZRQ.WPF.DataGridSample\ZRQ.WPF.DataGridSample.csproj", "{7736BDB8-9259-453B-A756-886DE7025ABB}"
EndProject
Project("{D954291E-2A0B-460D-934E-DC6B0785DB48}") = "ZRQ.UI.Share", "ZRQ.UI.Share\ZRQ.UI.Share.shproj", "{DBAC908E-1781-40FE-B7E5-2A869E4C322C}"
EndProject
Project("{9A19103F-16F7-4668-BE54-9A1E7A4F7556}") = "ZRQ.UI", "ZRQ.UI\ZRQ.UI.csproj", "{EDDA7264-9713-4547-A9EF-27F05E30D02B}"
EndProject
Project("{9A19103F-16F7-4668-BE54-9A1E7A4F7556}") = "ZRQ.WPF.HighLightSample", "Sample\ZRQ.WPF.HighLightSample\ZRQ.WPF.HighLightSample.csproj", "{290E7711-28CA-4A5A-94BF-95F520BCC67B}"
EndProject
Project("{9A19103F-16F7-4668-BE54-9A1E7A4F7556}") = "ZRQ.UIBehaviors", "Test\ZRQ.UIBehaviors\ZRQ.UIBehaviors.csproj", "{B38F10D9-CFD1-4F02-B0C0-A97EAF7409BB}"
EndProject
Project("{9A19103F-16F7-4668-BE54-9A1E7A4F7556}") = "ZRQ.UISearchTextBox", "Test\ZRQ.UISearchTextBox\ZRQ.UISearchTextBox.csproj", "{0D454913-D828-46D5-B44A-C7E10DA3C0FB}"
EndProject
Project("{9A19103F-16F7-4668-BE54-9A1E7A4F7556}") = "ZRQ.WPF.TestHook", "Test\ZRQ.WPF.TestHook\ZRQ.WPF.TestHook.csproj", "{E3720697-F2F8-4566-AED9-E8A49AF451CA}"
EndProject
Project("{9A19103F-16F7-4668-BE54-9A1E7A4F7556}") = "DGGroupSortFilterExample", "Test\DGGroupSortFilterExample\DGGroupSortFilterExample.csproj", "{D2B71007-2F32-46FF-B434-C9D6A9135CC4}"
EndProject
Project("{9A19103F-16F7-4668-BE54-9A1E7A4F7556}") = "ZRQ.WPF.TreeViewSample", "Test\ZRQ.WPF.TreeViewSample\ZRQ.WPF.TreeViewSample.csproj", "{E79FE34F-3DE8-4B7C-80C0-C30663360EE0}"
EndProject
Global
	GlobalSection(SolutionConfigurationPlatforms) = preSolution
		Debug|Any CPU = Debug|Any CPU
		Release|Any CPU = Release|Any CPU
	EndGlobalSection
	GlobalSection(ProjectConfigurationPlatforms) = postSolution
		{A302E63F-87F3-4A52-A511-9530DEC039C0}.Debug|Any CPU.ActiveCfg = Debug|Any CPU
		{A302E63F-87F3-4A52-A511-9530DEC039C0}.Debug|Any CPU.Build.0 = Debug|Any CPU
		{A302E63F-87F3-4A52-A511-9530DEC039C0}.Release|Any CPU.ActiveCfg = Release|Any CPU
		{A302E63F-87F3-4A52-A511-9530DEC039C0}.Release|Any CPU.Build.0 = Release|Any CPU
		{7736BDB8-9259-453B-A756-886DE7025ABB}.Debug|Any CPU.ActiveCfg = Debug|Any CPU
		{7736BDB8-9259-453B-A756-886DE7025ABB}.Debug|Any CPU.Build.0 = Debug|Any CPU
		{7736BDB8-9259-453B-A756-886DE7025ABB}.Release|Any CPU.ActiveCfg = Release|Any CPU
		{7736BDB8-9259-453B-A756-886DE7025ABB}.Release|Any CPU.Build.0 = Release|Any CPU
		{EDDA7264-9713-4547-A9EF-27F05E30D02B}.Debug|Any CPU.ActiveCfg = Debug|Any CPU
		{EDDA7264-9713-4547-A9EF-27F05E30D02B}.Debug|Any CPU.Build.0 = Debug|Any CPU
		{EDDA7264-9713-4547-A9EF-27F05E30D02B}.Release|Any CPU.ActiveCfg = Release|Any CPU
		{EDDA7264-9713-4547-A9EF-27F05E30D02B}.Release|Any CPU.Build.0 = Release|Any CPU
		{290E7711-28CA-4A5A-94BF-95F520BCC67B}.Debug|Any CPU.ActiveCfg = Debug|Any CPU
		{290E7711-28CA-4A5A-94BF-95F520BCC67B}.Debug|Any CPU.Build.0 = Debug|Any CPU
		{290E7711-28CA-4A5A-94BF-95F520BCC67B}.Release|Any CPU.ActiveCfg = Release|Any CPU
		{290E7711-28CA-4A5A-94BF-95F520BCC67B}.Release|Any CPU.Build.0 = Release|Any CPU
		{B38F10D9-CFD1-4F02-B0C0-A97EAF7409BB}.Debug|Any CPU.ActiveCfg = Debug|Any CPU
		{B38F10D9-CFD1-4F02-B0C0-A97EAF7409BB}.Debug|Any CPU.Build.0 = Debug|Any CPU
		{B38F10D9-CFD1-4F02-B0C0-A97EAF7409BB}.Release|Any CPU.ActiveCfg = Release|Any CPU
		{B38F10D9-CFD1-4F02-B0C0-A97EAF7409BB}.Release|Any CPU.Build.0 = Release|Any CPU
		{0D454913-D828-46D5-B44A-C7E10DA3C0FB}.Debug|Any CPU.ActiveCfg = Debug|Any CPU
		{0D454913-D828-46D5-B44A-C7E10DA3C0FB}.Debug|Any CPU.Build.0 = Debug|Any CPU
		{0D454913-D828-46D5-B44A-C7E10DA3C0FB}.Release|Any CPU.ActiveCfg = Release|Any CPU
		{0D454913-D828-46D5-B44A-C7E10DA3C0FB}.Release|Any CPU.Build.0 = Release|Any CPU
		{E3720697-F2F8-4566-AED9-E8A49AF451CA}.Debug|Any CPU.ActiveCfg = Debug|Any CPU
		{E3720697-F2F8-4566-AED9-E8A49AF451CA}.Debug|Any CPU.Build.0 = Debug|Any CPU
		{E3720697-F2F8-4566-AED9-E8A49AF451CA}.Release|Any CPU.ActiveCfg = Release|Any CPU
		{E3720697-F2F8-4566-AED9-E8A49AF451CA}.Release|Any CPU.Build.0 = Release|Any CPU
		{D2B71007-2F32-46FF-B434-C9D6A9135CC4}.Debug|Any CPU.ActiveCfg = Debug|Any CPU
		{D2B71007-2F32-46FF-B434-C9D6A9135CC4}.Debug|Any CPU.Build.0 = Debug|Any CPU
		{D2B71007-2F32-46FF-B434-C9D6A9135CC4}.Release|Any CPU.ActiveCfg = Release|Any CPU
		{D2B71007-2F32-46FF-B434-C9D6A9135CC4}.Release|Any CPU.Build.0 = Release|Any CPU
		{E79FE34F-3DE8-4B7C-80C0-C30663360EE0}.Debug|Any CPU.ActiveCfg = Debug|Any CPU
		{E79FE34F-3DE8-4B7C-80C0-C30663360EE0}.Debug|Any CPU.Build.0 = Debug|Any CPU
		{E79FE34F-3DE8-4B7C-80C0-C30663360EE0}.Release|Any CPU.ActiveCfg = Release|Any CPU
		{E79FE34F-3DE8-4B7C-80C0-C30663360EE0}.Release|Any CPU.Build.0 = Release|Any CPU
	EndGlobalSection
	GlobalSection(SolutionProperties) = preSolution
		HideSolutionNode = FALSE
	EndGlobalSection
	GlobalSection(NestedProjects) = preSolution
		{A302E63F-87F3-4A52-A511-9530DEC039C0} = {80F30600-722D-4DCF-9DC3-78741790B954}
		{7736BDB8-9259-453B-A756-886DE7025ABB} = {4B9C7263-D88A-4240-A073-B18575DA1412}
		{290E7711-28CA-4A5A-94BF-95F520BCC67B} = {4B9C7263-D88A-4240-A073-B18575DA1412}
		{B38F10D9-CFD1-4F02-B0C0-A97EAF7409BB} = {80F30600-722D-4DCF-9DC3-78741790B954}
		{0D454913-D828-46D5-B44A-C7E10DA3C0FB} = {80F30600-722D-4DCF-9DC3-78741790B954}
		{E3720697-F2F8-4566-AED9-E8A49AF451CA} = {80F30600-722D-4DCF-9DC3-78741790B954}
		{D2B71007-2F32-46FF-B434-C9D6A9135CC4} = {80F30600-722D-4DCF-9DC3-78741790B954}
		{E79FE34F-3DE8-4B7C-80C0-C30663360EE0} = {80F30600-722D-4DCF-9DC3-78741790B954}
	EndGlobalSection
	GlobalSection(ExtensibilityGlobals) = postSolution
		SolutionGuid = {CE0989A1-3B0F-4575-AC91-F95915006434}
	EndGlobalSection
	GlobalSection(SharedMSBuildProjectFiles) = preSolution
		ZRQ.UI.Share\ZRQ.UI.Share.projitems*{a302e63f-87f3-4a52-a511-9530dec039c0}*SharedItemsImports = 5
		ZRQ.UI.Share\ZRQ.UI.Share.projitems*{dbac908e-1781-40fe-b7e5-2a869e4c322c}*SharedItemsImports = 13
		ZRQ.UI.Share\ZRQ.UI.Share.projitems*{edda7264-9713-4547-a9ef-27f05e30d02b}*SharedItemsImports = 5
	EndGlobalSection
EndGlobal
