
Microsoft Visual Studio Solution File, Format Version 12.00
# Visual Studio Version 17
VisualStudioVersion = 17.1.32228.430
MinimumVisualStudioVersion = 10.0.40219.1
Project("{FAE04EC0-301F-11D3-BF4B-00C04F79EFBC}") = "GroupingSample", "GroupingSample.csproj", "{82497640-9A6E-49CE-B885-1B595A1F4510}"
EndProject
Global
	GlobalSection(SolutionConfigurationPlatforms) = preSolution
		Debug|Any CPU = Debug|Any CPU
		Release|Any CPU = Release|Any CPU
	EndGlobalSection
	GlobalSection(ProjectConfigurationPlatforms) = postSolution
		{82497640-9A6E-49CE-B885-1B595A1F4510}.Debug|Any CPU.ActiveCfg = Debug|Any CPU
		{82497640-9A6E-49CE-B885-1B595A1F4510}.Debug|Any CPU.Build.0 = Debug|Any CPU
		{82497640-9A6E-49CE-B885-1B595A1F4510}.Release|Any CPU.ActiveCfg = Release|Any CPU
		{82497640-9A6E-49CE-B885-1B595A1F4510}.Release|Any CPU.Build.0 = Release|Any CPU
	EndGlobalSection
	GlobalSection(SolutionProperties) = preSolution
		HideSolutionNode = FALSE
	EndGlobalSection
	GlobalSection(ExtensibilityGlobals) = postSolution
		SolutionGuid = {A53D0EC8-620F-4630-AD27-64E3094AA79B}
	EndGlobalSection
EndGlobal
