
Microsoft Visual Studio Solution File, Format Version 12.00
# Visual Studio Version 16
VisualStudioVersion = 16.0.31829.152
MinimumVisualStudioVersion = 10.0.40219.1
Project("{FAE04EC0-301F-11D3-BF4B-00C04F79EFBC}") = "WPF-Samples", "WPF-Samples.csproj", "{1C1E160E-3858-4592-B934-8C7C2EC9B288}"
EndProject
Global
	GlobalSection(SolutionConfigurationPlatforms) = preSolution
		Debug|Any CPU = Debug|Any CPU
		Release|Any CPU = Release|Any CPU
	EndGlobalSection
	GlobalSection(ProjectConfigurationPlatforms) = postSolution
		{1C1E160E-3858-4592-B934-8C7C2EC9B288}.Debug|Any CPU.ActiveCfg = Debug|Any CPU
		{1C1E160E-3858-4592-B934-8C7C2EC9B288}.Debug|Any CPU.Build.0 = Debug|Any CPU
		{1C1E160E-3858-4592-B934-8C7C2EC9B288}.Release|Any CPU.ActiveCfg = Release|Any CPU
		{1C1E160E-3858-4592-B934-8C7C2EC9B288}.Release|Any CPU.Build.0 = Release|Any CPU
	EndGlobalSection
	GlobalSection(SolutionProperties) = preSolution
		HideSolutionNode = FALSE
	EndGlobalSection
	GlobalSection(ExtensibilityGlobals) = postSolution
		SolutionGuid = {8E025685-0939-4145-9070-DDCC0F240610}
	EndGlobalSection
EndGlobal
